
Microsoft Visual Studio Solution File, Format Version 12.00
# Visual Studio Version 17
VisualStudioVersion = 17.10.34928.147
MinimumVisualStudioVersion = 10.0.40219.1
Project("{FAE04EC0-301F-11D3-BF4B-00C04F79EFBC}") = "Torrent.Chat.Api.Api", "Torrent.Chat.Api.Api\Torrent.Chat.Api.Api.csproj", "{48401889-29CB-4637-A0CC-ECEBFFFABDB6}"
EndProject
Project("{FAE04EC0-301F-11D3-BF4B-00C04F79EFBC}") = "Torrent.Chat.Api.Storage", "Torrent.Chat.Api.Storage\Torrent.Chat.Api.Storage.csproj", "{A15502E2-6651-42AC-A4B1-041D3E341B4E}"
EndProject
Global
	GlobalSection(SolutionConfigurationPlatforms) = preSolution
		Debug|Any CPU = Debug|Any CPU
		Release|Any CPU = Release|Any CPU
	EndGlobalSection
	GlobalSection(ProjectConfigurationPlatforms) = postSolution
		{48401889-29CB-4637-A0CC-ECEBFFFABDB6}.Debug|Any CPU.ActiveCfg = Debug|Any CPU
		{48401889-29CB-4637-A0CC-ECEBFFFABDB6}.Debug|Any CPU.Build.0 = Debug|Any CPU
		{48401889-29CB-4637-A0CC-ECEBFFFABDB6}.Release|Any CPU.ActiveCfg = Release|Any CPU
		{48401889-29CB-4637-A0CC-ECEBFFFABDB6}.Release|Any CPU.Build.0 = Release|Any CPU
		{A15502E2-6651-42AC-A4B1-041D3E341B4E}.Debug|Any CPU.ActiveCfg = Debug|Any CPU
		{A15502E2-6651-42AC-A4B1-041D3E341B4E}.Debug|Any CPU.Build.0 = Debug|Any CPU
		{A15502E2-6651-42AC-A4B1-041D3E341B4E}.Release|Any CPU.ActiveCfg = Release|Any CPU
		{A15502E2-6651-42AC-A4B1-041D3E341B4E}.Release|Any CPU.Build.0 = Release|Any CPU
	EndGlobalSection
	GlobalSection(SolutionProperties) = preSolution
		HideSolutionNode = FALSE
	EndGlobalSection
	GlobalSection(ExtensibilityGlobals) = postSolution
		SolutionGuid = {D21602A9-0821-4E0F-9563-0F03FBEBB9C4}
	EndGlobalSection
EndGlobal
